
Microsoft Visual Studio Solution File, Format Version 12.00
# Visual Studio Version 16
VisualStudioVersion = 16.0.31624.102
MinimumVisualStudioVersion = 10.0.40219.1
Project("{FAE04EC0-301F-11D3-BF4B-00C04F79EFBC}") = "StudentRegistrationApplication", "StudentRegistrationApplication\StudentRegistrationApplication.csproj", "{FDE6CDCB-75E0-413D-9000-2A5F5D0D501A}"
EndProject
Global
	GlobalSection(SolutionConfigurationPlatforms) = preSolution
		Debug|Any CPU = Debug|Any CPU
		Release|Any CPU = Release|Any CPU
	EndGlobalSection
	GlobalSection(ProjectConfigurationPlatforms) = postSolution
		{FDE6CDCB-75E0-413D-9000-2A5F5D0D501A}.Debug|Any CPU.ActiveCfg = Debug|Any CPU
		{FDE6CDCB-75E0-413D-9000-2A5F5D0D501A}.Debug|Any CPU.Build.0 = Debug|Any CPU
		{FDE6CDCB-75E0-413D-9000-2A5F5D0D501A}.Release|Any CPU.ActiveCfg = Release|Any CPU
		{FDE6CDCB-75E0-413D-9000-2A5F5D0D501A}.Release|Any CPU.Build.0 = Release|Any CPU
	EndGlobalSection
	GlobalSection(SolutionProperties) = preSolution
		HideSolutionNode = FALSE
	EndGlobalSection
	GlobalSection(ExtensibilityGlobals) = postSolution
		SolutionGuid = {FAD36B6B-6572-4D4E-A4B1-93A410CF6730}
	EndGlobalSection
EndGlobal
